{
    "name": "@types/hexo-log",
    "version": "0.2.3",
    "lockfileVersion": 2,
    "requires": true,
    "packages": {
        "": {
            "name": "@types/hexo-log",
            "version": "0.2.3",
            "license": "MIT",
            "dependencies": {
                "@types/hexo-bunyan": "file:../hexo-bunyan"
            }
        },
        "../hexo-bunyan": {
            "version": "1.0.1",
            "license": "MIT",
            "dependencies": {
                "@types/bunyan": "*"
            }
        },
        "node_modules/@types/hexo-bunyan": {
            "resolved": "../hexo-bunyan",
            "link": true
        }
    },
    "dependencies": {
        "@types/hexo-bunyan": {
            "version": "file:../hexo-bunyan",
            "requires": {
                "@types/bunyan": "*"
            }
        }
    }
}
